
Microsoft Visual Studio Solution File, Format Version 12.00
# Visual Studio Version 16
VisualStudioVersion = 16.0.34902.97
MinimumVisualStudioVersion = 10.0.40219.1
Project("{FAE04EC0-301F-11D3-BF4B-00C04F79EFBC}") = "Loan Calculator MVC", "Loan Calculator MVC\Loan Calculator MVC.csproj", "{0E22E9BD-28F3-499A-AFF5-EB6B47580EF3}"
EndProject
Global
	GlobalSection(SolutionConfigurationPlatforms) = preSolution
		Debug|Any CPU = Debug|Any CPU
		Release|Any CPU = Release|Any CPU
	EndGlobalSection
	GlobalSection(ProjectConfigurationPlatforms) = postSolution
		{0E22E9BD-28F3-499A-AFF5-EB6B47580EF3}.Debug|Any CPU.ActiveCfg = Debug|Any CPU
		{0E22E9BD-28F3-499A-AFF5-EB6B47580EF3}.Debug|Any CPU.Build.0 = Debug|Any CPU
		{0E22E9BD-28F3-499A-AFF5-EB6B47580EF3}.Release|Any CPU.ActiveCfg = Release|Any CPU
		{0E22E9BD-28F3-499A-AFF5-EB6B47580EF3}.Release|Any CPU.Build.0 = Release|Any CPU
	EndGlobalSection
	GlobalSection(SolutionProperties) = preSolution
		HideSolutionNode = FALSE
	EndGlobalSection
	GlobalSection(ExtensibilityGlobals) = postSolution
		SolutionGuid = {8133CE3D-6EB2-4441-BDC2-ACD0624E82EB}
	EndGlobalSection
EndGlobal
